
Microsoft Visual Studio Solution File, Format Version 12.00
# Visual Studio Version 17
VisualStudioVersion = 17.14.36511.14 d17.14
MinimumVisualStudioVersion = 10.0.40219.1
Project("{2150E333-8FDC-42A3-9474-1A3956D46DE8}") = "Task0", "Task0", "{02EA681E-C7D8-13C7-8484-4AC65E1B71E8}"
EndProject
Project("{FAE04EC0-301F-11D3-BF4B-00C04F79EFBC}") = "Tyuiu.AfoninME.Sprint3.Task0.V8", "Tyuiu.AfoninME.Sprint3.Task0.V8\Tyuiu.AfoninME.Sprint3.Task0.V8.csproj", "{1F93BCD7-54BC-45C1-A8D3-487C0AD6E8BD}"
EndProject
Project("{FAE04EC0-301F-11D3-BF4B-00C04F79EFBC}") = "Tyuiu.AfoninME.Sprint3.Task0.V8.Lib", "Tyuiu.AfoninME.Sprint3.Task0.V8.Lib\Tyuiu.AfoninME.Sprint3.Task0.V8.Lib.csproj", "{F188A8EB-12F6-42F7-8562-651EC93421F5}"
EndProject
Project("{FAE04EC0-301F-11D3-BF4B-00C04F79EFBC}") = "Tyuiu.AfoninME.Sprint3.Task0.V8.Test", "Tyuiu.AfoninME.Sprint3.Task0.V8.Test\Tyuiu.AfoninME.Sprint3.Task0.V8.Test.csproj", "{95967BE0-8B79-4A4E-AB0F-8525B46A2ACC}"
EndProject
Project("{2150E333-8FDC-42A3-9474-1A3956D46DE8}") = "Task1", "Task1", "{FC4310E4-97B8-4947-8E11-FAA7262879AA}"
EndProject
Project("{FAE04EC0-301F-11D3-BF4B-00C04F79EFBC}") = "Tyuiu.AfoninME.Sprint3.Task1.V1", "Tyuiu.AfoninME.Sprint3.Task1.V1\Tyuiu.AfoninME.Sprint3.Task1.V1.csproj", "{9F763310-BFF3-43FA-A64A-6E869C45D7C4}"
EndProject
Project("{FAE04EC0-301F-11D3-BF4B-00C04F79EFBC}") = "Tyuiu.AfoninME.Sprint3.Task1.V1.Lib", "Tyuiu.AfoninME.Sprint3.Task1.V1.Lib\Tyuiu.AfoninME.Sprint3.Task1.V1.Lib.csproj", "{4C5F5E74-BE8E-4F87-B219-6F9B6CF266E3}"
EndProject
Project("{FAE04EC0-301F-11D3-BF4B-00C04F79EFBC}") = "Tyuiu.AfoninME.Sprint3.Task1.V1.Test", "Tyuiu.AfoninME.Sprint3.Task1.V1.Test\Tyuiu.AfoninME.Sprint3.Task1.V1.Test.csproj", "{5ABB4B18-1D70-426A-9D20-752F5A41A42F}"
EndProject
Project("{2150E333-8FDC-42A3-9474-1A3956D46DE8}") = "Task2", "Task2", "{5607B06E-BEC5-40A0-A968-8F1576B25AD6}"
EndProject
Project("{FAE04EC0-301F-11D3-BF4B-00C04F79EFBC}") = "Tyuiu.AfoninME.Sprint3.Task2.V27", "Tyuiu.AfoninME.Sprint3.Task2.V27\Tyuiu.AfoninME.Sprint3.Task2.V27.csproj", "{9C0CD4C4-C047-4D8C-92FF-ABCF5B05F4DB}"
EndProject
Project("{FAE04EC0-301F-11D3-BF4B-00C04F79EFBC}") = "Tyuiu.AfoninME.Sprint3.Task2.V27.Lib", "Tyuiu.AfoninME.Sprint3.Task2.V27.Lib\Tyuiu.AfoninME.Sprint3.Task2.V27.Lib.csproj", "{3BEA7026-D338-4B5F-8F6F-298F83992EA7}"
EndProject
Project("{FAE04EC0-301F-11D3-BF4B-00C04F79EFBC}") = "Tyuiu.AfoninME.Sprint3.Task2.V27.Test", "Tyuiu.AfoninME.Sprint3.Task2.V27.Test\Tyuiu.AfoninME.Sprint3.Task2.V27.Test.csproj", "{B5E8C047-A400-42E3-98F6-830509F34EF6}"
EndProject
Project("{2150E333-8FDC-42A3-9474-1A3956D46DE8}") = "Task3", "Task3", "{64833BE5-E818-4157-A32F-B2C14D5FBBA4}"
EndProject
Project("{FAE04EC0-301F-11D3-BF4B-00C04F79EFBC}") = "Tyuiu.AfoninME.Sprint3.Task3.V14", "Tyuiu.AfoninME.Sprint3.Task3.V14\Tyuiu.AfoninME.Sprint3.Task3.V14.csproj", "{2F990468-8CAE-40F8-8212-94F3F7C6384A}"
EndProject
Project("{FAE04EC0-301F-11D3-BF4B-00C04F79EFBC}") = "Tyuiu.AfoninME.Sprint3.Task3.V14.Lib", "Tyuiu.AfoninME.Sprint3.Task3.V14.Lib\Tyuiu.AfoninME.Sprint3.Task3.V14.Lib.csproj", "{41EC64C6-651D-4CB8-9F3A-585D1631AC6E}"
EndProject
Project("{FAE04EC0-301F-11D3-BF4B-00C04F79EFBC}") = "Tyuiu.AfoninME.Sprint3.Task3.V14.Test", "Tyuiu.AfoninME.Sprint3.Task3.V14.Test\Tyuiu.AfoninME.Sprint3.Task3.V14.Test.csproj", "{D8B94B1C-5A6F-41A4-BF8F-B161B53A4E83}"
EndProject
Global
	GlobalSection(SolutionConfigurationPlatforms) = preSolution
		Debug|Any CPU = Debug|Any CPU
		Release|Any CPU = Release|Any CPU
	EndGlobalSection
	GlobalSection(ProjectConfigurationPlatforms) = postSolution
		{1F93BCD7-54BC-45C1-A8D3-487C0AD6E8BD}.Debug|Any CPU.ActiveCfg = Debug|Any CPU
		{1F93BCD7-54BC-45C1-A8D3-487C0AD6E8BD}.Debug|Any CPU.Build.0 = Debug|Any CPU
		{1F93BCD7-54BC-45C1-A8D3-487C0AD6E8BD}.Release|Any CPU.ActiveCfg = Release|Any CPU
		{1F93BCD7-54BC-45C1-A8D3-487C0AD6E8BD}.Release|Any CPU.Build.0 = Release|Any CPU
		{F188A8EB-12F6-42F7-8562-651EC93421F5}.Debug|Any CPU.ActiveCfg = Debug|Any CPU
		{F188A8EB-12F6-42F7-8562-651EC93421F5}.Debug|Any CPU.Build.0 = Debug|Any CPU
		{F188A8EB-12F6-42F7-8562-651EC93421F5}.Release|Any CPU.ActiveCfg = Release|Any CPU
		{F188A8EB-12F6-42F7-8562-651EC93421F5}.Release|Any CPU.Build.0 = Release|Any CPU
		{95967BE0-8B79-4A4E-AB0F-8525B46A2ACC}.Debug|Any CPU.ActiveCfg = Debug|Any CPU
		{95967BE0-8B79-4A4E-AB0F-8525B46A2ACC}.Debug|Any CPU.Build.0 = Debug|Any CPU
		{95967BE0-8B79-4A4E-AB0F-8525B46A2ACC}.Release|Any CPU.ActiveCfg = Release|Any CPU
		{95967BE0-8B79-4A4E-AB0F-8525B46A2ACC}.Release|Any CPU.Build.0 = Release|Any CPU
		{9F763310-BFF3-43FA-A64A-6E869C45D7C4}.Debug|Any CPU.ActiveCfg = Debug|Any CPU
		{9F763310-BFF3-43FA-A64A-6E869C45D7C4}.Debug|Any CPU.Build.0 = Debug|Any CPU
		{9F763310-BFF3-43FA-A64A-6E869C45D7C4}.Release|Any CPU.ActiveCfg = Release|Any CPU
		{9F763310-BFF3-43FA-A64A-6E869C45D7C4}.Release|Any CPU.Build.0 = Release|Any CPU
		{4C5F5E74-BE8E-4F87-B219-6F9B6CF266E3}.Debug|Any CPU.ActiveCfg = Debug|Any CPU
		{4C5F5E74-BE8E-4F87-B219-6F9B6CF266E3}.Debug|Any CPU.Build.0 = Debug|Any CPU
		{4C5F5E74-BE8E-4F87-B219-6F9B6CF266E3}.Release|Any CPU.ActiveCfg = Release|Any CPU
		{4C5F5E74-BE8E-4F87-B219-6F9B6CF266E3}.Release|Any CPU.Build.0 = Release|Any CPU
		{5ABB4B18-1D70-426A-9D20-752F5A41A42F}.Debug|Any CPU.ActiveCfg = Debug|Any CPU
		{5ABB4B18-1D70-426A-9D20-752F5A41A42F}.Debug|Any CPU.Build.0 = Debug|Any CPU
		{5ABB4B18-1D70-426A-9D20-752F5A41A42F}.Release|Any CPU.ActiveCfg = Release|Any CPU
		{5ABB4B18-1D70-426A-9D20-752F5A41A42F}.Release|Any CPU.Build.0 = Release|Any CPU
		{9C0CD4C4-C047-4D8C-92FF-ABCF5B05F4DB}.Debug|Any CPU.ActiveCfg = Debug|Any CPU
		{9C0CD4C4-C047-4D8C-92FF-ABCF5B05F4DB}.Debug|Any CPU.Build.0 = Debug|Any CPU
		{9C0CD4C4-C047-4D8C-92FF-ABCF5B05F4DB}.Release|Any CPU.ActiveCfg = Release|Any CPU
		{9C0CD4C4-C047-4D8C-92FF-ABCF5B05F4DB}.Release|Any CPU.Build.0 = Release|Any CPU
		{3BEA7026-D338-4B5F-8F6F-298F83992EA7}.Debug|Any CPU.ActiveCfg = Debug|Any CPU
		{3BEA7026-D338-4B5F-8F6F-298F83992EA7}.Debug|Any CPU.Build.0 = Debug|Any CPU
		{3BEA7026-D338-4B5F-8F6F-298F83992EA7}.Release|Any CPU.ActiveCfg = Release|Any CPU
		{3BEA7026-D338-4B5F-8F6F-298F83992EA7}.Release|Any CPU.Build.0 = Release|Any CPU
		{B5E8C047-A400-42E3-98F6-830509F34EF6}.Debug|Any CPU.ActiveCfg = Debug|Any CPU
		{B5E8C047-A400-42E3-98F6-830509F34EF6}.Debug|Any CPU.Build.0 = Debug|Any CPU
		{B5E8C047-A400-42E3-98F6-830509F34EF6}.Release|Any CPU.ActiveCfg = Release|Any CPU
		{B5E8C047-A400-42E3-98F6-830509F34EF6}.Release|Any CPU.Build.0 = Release|Any CPU
		{2F990468-8CAE-40F8-8212-94F3F7C6384A}.Debug|Any CPU.ActiveCfg = Debug|Any CPU
		{2F990468-8CAE-40F8-8212-94F3F7C6384A}.Debug|Any CPU.Build.0 = Debug|Any CPU
		{2F990468-8CAE-40F8-8212-94F3F7C6384A}.Release|Any CPU.ActiveCfg = Release|Any CPU
		{2F990468-8CAE-40F8-8212-94F3F7C6384A}.Release|Any CPU.Build.0 = Release|Any CPU
		{41EC64C6-651D-4CB8-9F3A-585D1631AC6E}.Debug|Any CPU.ActiveCfg = Debug|Any CPU
		{41EC64C6-651D-4CB8-9F3A-585D1631AC6E}.Debug|Any CPU.Build.0 = Debug|Any CPU
		{41EC64C6-651D-4CB8-9F3A-585D1631AC6E}.Release|Any CPU.ActiveCfg = Release|Any CPU
		{41EC64C6-651D-4CB8-9F3A-585D1631AC6E}.Release|Any CPU.Build.0 = Release|Any CPU
		{D8B94B1C-5A6F-41A4-BF8F-B161B53A4E83}.Debug|Any CPU.ActiveCfg = Debug|Any CPU
		{D8B94B1C-5A6F-41A4-BF8F-B161B53A4E83}.Debug|Any CPU.Build.0 = Debug|Any CPU
		{D8B94B1C-5A6F-41A4-BF8F-B161B53A4E83}.Release|Any CPU.ActiveCfg = Release|Any CPU
		{D8B94B1C-5A6F-41A4-BF8F-B161B53A4E83}.Release|Any CPU.Build.0 = Release|Any CPU
	EndGlobalSection
	GlobalSection(SolutionProperties) = preSolution
		HideSolutionNode = FALSE
	EndGlobalSection
	GlobalSection(NestedProjects) = preSolution
		{1F93BCD7-54BC-45C1-A8D3-487C0AD6E8BD} = {02EA681E-C7D8-13C7-8484-4AC65E1B71E8}
		{F188A8EB-12F6-42F7-8562-651EC93421F5} = {02EA681E-C7D8-13C7-8484-4AC65E1B71E8}
		{95967BE0-8B79-4A4E-AB0F-8525B46A2ACC} = {02EA681E-C7D8-13C7-8484-4AC65E1B71E8}
		{9F763310-BFF3-43FA-A64A-6E869C45D7C4} = {FC4310E4-97B8-4947-8E11-FAA7262879AA}
		{4C5F5E74-BE8E-4F87-B219-6F9B6CF266E3} = {FC4310E4-97B8-4947-8E11-FAA7262879AA}
		{5ABB4B18-1D70-426A-9D20-752F5A41A42F} = {FC4310E4-97B8-4947-8E11-FAA7262879AA}
		{9C0CD4C4-C047-4D8C-92FF-ABCF5B05F4DB} = {5607B06E-BEC5-40A0-A968-8F1576B25AD6}
		{3BEA7026-D338-4B5F-8F6F-298F83992EA7} = {5607B06E-BEC5-40A0-A968-8F1576B25AD6}
		{B5E8C047-A400-42E3-98F6-830509F34EF6} = {5607B06E-BEC5-40A0-A968-8F1576B25AD6}
		{2F990468-8CAE-40F8-8212-94F3F7C6384A} = {64833BE5-E818-4157-A32F-B2C14D5FBBA4}
		{41EC64C6-651D-4CB8-9F3A-585D1631AC6E} = {64833BE5-E818-4157-A32F-B2C14D5FBBA4}
		{D8B94B1C-5A6F-41A4-BF8F-B161B53A4E83} = {64833BE5-E818-4157-A32F-B2C14D5FBBA4}
	EndGlobalSection
	GlobalSection(ExtensibilityGlobals) = postSolution
		SolutionGuid = {8DF41CB5-90B2-42D4-B6CC-6924450A1DF4}
	EndGlobalSection
EndGlobal
